{
  "name": "playwright-code-review-agent",
  "version": "1.0.0",
  "lockfileVersion": 3,
  "requires": true,
  "packages": {
    "": {
      "name": "playwright-code-review-agent",
      "version": "1.0.0",
      "license": "MIT-CSR",
      "bin": {
        "playwright-review": "playwright-code-review-agent-tests.js"
      },
      "devDependencies": {},
      "engines": {
        "node": ">=14.0.0"
      }
    }
  }
}
